
Microsoft Visual Studio Solution File, Format Version 12.00
# Visual Studio Version 17
VisualStudioVersion = 17.3.32929.385
MinimumVisualStudioVersion = 10.0.40219.1
Project("{FAE04EC0-301F-11D3-BF4B-00C04F79EFBC}") = "zad-ep", "zad-ep.csproj", "{B01A8669-AEE2-432B-959A-0F39B3369CD4}"
EndProject
Global
	GlobalSection(SolutionConfigurationPlatforms) = preSolution
		Debug|Any CPU = Debug|Any CPU
		Release|Any CPU = Release|Any CPU
	EndGlobalSection
	GlobalSection(ProjectConfigurationPlatforms) = postSolution
		{B01A8669-AEE2-432B-959A-0F39B3369CD4}.Debug|Any CPU.ActiveCfg = Debug|Any CPU
		{B01A8669-AEE2-432B-959A-0F39B3369CD4}.Debug|Any CPU.Build.0 = Debug|Any CPU
		{B01A8669-AEE2-432B-959A-0F39B3369CD4}.Release|Any CPU.ActiveCfg = Release|Any CPU
		{B01A8669-AEE2-432B-959A-0F39B3369CD4}.Release|Any CPU.Build.0 = Release|Any CPU
	EndGlobalSection
	GlobalSection(SolutionProperties) = preSolution
		HideSolutionNode = FALSE
	EndGlobalSection
	GlobalSection(ExtensibilityGlobals) = postSolution
		SolutionGuid = {28F1EFE9-42AA-43A4-B3E0-A30182C5FA4E}
	EndGlobalSection
EndGlobal
